
Microsoft Visual Studio Solution File, Format Version 12.00
# Visual Studio Version 17
VisualStudioVersion = 17.9.34714.143
MinimumVisualStudioVersion = 10.0.40219.1
Project("{FAE04EC0-301F-11D3-BF4B-00C04F79EFBC}") = "PluginLib1", "PluginLib1\PluginLib1.csproj", "{6F101BAD-2016-48C6-B09A-7EF737F9D6B2}"
EndProject
Global
	GlobalSection(SolutionConfigurationPlatforms) = preSolution
		Debug|Any CPU = Debug|Any CPU
		Release|Any CPU = Release|Any CPU
	EndGlobalSection
	GlobalSection(ProjectConfigurationPlatforms) = postSolution
		{6F101BAD-2016-48C6-B09A-7EF737F9D6B2}.Debug|Any CPU.ActiveCfg = Debug|Any CPU
		{6F101BAD-2016-48C6-B09A-7EF737F9D6B2}.Debug|Any CPU.Build.0 = Debug|Any CPU
		{6F101BAD-2016-48C6-B09A-7EF737F9D6B2}.Release|Any CPU.ActiveCfg = Release|Any CPU
		{6F101BAD-2016-48C6-B09A-7EF737F9D6B2}.Release|Any CPU.Build.0 = Release|Any CPU
	EndGlobalSection
	GlobalSection(SolutionProperties) = preSolution
		HideSolutionNode = FALSE
	EndGlobalSection
	GlobalSection(ExtensibilityGlobals) = postSolution
		SolutionGuid = {68DC5A79-58DB-4735-B014-C8D40EE72F87}
	EndGlobalSection
EndGlobal
